
Microsoft Visual Studio Solution File, Format Version 12.00
# Visual Studio Version 16
VisualStudioVersion = 16.0.31515.178
MinimumVisualStudioVersion = 10.0.40219.1
Project("{FAE04EC0-301F-11D3-BF4B-00C04F79EFBC}") = "MvcMovie", "MvcMovie\MvcMovie.csproj", "{398880BA-20B9-4647-908C-25068C6375B8}"
EndProject
Global
	GlobalSection(SolutionConfigurationPlatforms) = preSolution
		Debug|Any CPU = Debug|Any CPU
		Release|Any CPU = Release|Any CPU
	EndGlobalSection
	GlobalSection(ProjectConfigurationPlatforms) = postSolution
		{398880BA-20B9-4647-908C-25068C6375B8}.Debug|Any CPU.ActiveCfg = Debug|Any CPU
		{398880BA-20B9-4647-908C-25068C6375B8}.Debug|Any CPU.Build.0 = Debug|Any CPU
		{398880BA-20B9-4647-908C-25068C6375B8}.Release|Any CPU.ActiveCfg = Release|Any CPU
		{398880BA-20B9-4647-908C-25068C6375B8}.Release|Any CPU.Build.0 = Release|Any CPU
	EndGlobalSection
	GlobalSection(SolutionProperties) = preSolution
		HideSolutionNode = FALSE
	EndGlobalSection
	GlobalSection(ExtensibilityGlobals) = postSolution
		SolutionGuid = {D3B81508-A1F6-422D-8DC6-2C240CC4EDD0}
	EndGlobalSection
EndGlobal
